github.com/fxamacker/cbor/v2 v2.3.1 h1:4sjmfkL6jTl8jChPYfGms0cSSsCJRlA/JdkLjGnZxPk=
github.com/fxamacker/cbor/v2 v2.3.1/go.mod h1:TA1xS00nchWmaBnEIxPSE5oHLuJBAVvqrtAnWBwBCVo=
github.com/x448/float16 v0.8.4 h1:qLwI1I70+NjRFUR3zs1JPUCgaCXSh3SW62uAKT1mSBM=
github.com/x448/float16 v0.8.4/go.mod h1:14CWIYCyZA/cWjXOioeEpHeN/83MdbZDRQHoFcYsOfg=
